
Microsoft Visual Studio Solution File, Format Version 12.00
# Visual Studio Version 16
VisualStudioVersion = 16.0.29911.84
MinimumVisualStudioVersion = 10.0.40219.1
Project("{FAE04EC0-301F-11D3-BF4B-00C04F79EFBC}") = "ChatClient", "ChatClient.csproj", "{D8D08ACF-E7A0-4057-8372-79D6AF55717B}"
EndProject
Global
	GlobalSection(SolutionConfigurationPlatforms) = preSolution
		Debug|Any CPU = Debug|Any CPU
		Release|Any CPU = Release|Any CPU
	EndGlobalSection
	GlobalSection(ProjectConfigurationPlatforms) = postSolution
		{D8D08ACF-E7A0-4057-8372-79D6AF55717B}.Debug|Any CPU.ActiveCfg = Debug|Any CPU
		{D8D08ACF-E7A0-4057-8372-79D6AF55717B}.Debug|Any CPU.Build.0 = Debug|Any CPU
		{D8D08ACF-E7A0-4057-8372-79D6AF55717B}.Release|Any CPU.ActiveCfg = Release|Any CPU
		{D8D08ACF-E7A0-4057-8372-79D6AF55717B}.Release|Any CPU.Build.0 = Release|Any CPU
	EndGlobalSection
	GlobalSection(SolutionProperties) = preSolution
		HideSolutionNode = FALSE
	EndGlobalSection
	GlobalSection(ExtensibilityGlobals) = postSolution
		SolutionGuid = {F0AD9488-3E9F-47C4-9787-80BD2C69E53C}
	EndGlobalSection
EndGlobal
